// !$*UTF8*$!
{
	archiveVersion = 1;
	classes = {
	};
	objectVersion = 56;
	objects = {

/* Begin PBXBuildFile section */
		DB673A4A2BD1DA9800FDA9BB /* AppDelegate.swift in Sources */ = {isa = PBXBuildFile; fileRef = DB673A492BD1DA9800FDA9BB /* AppDelegate.swift */; };
		DB673A4C2BD1DA9800FDA9BB /* SceneDelegate.swift in Sources */ = {isa = PBXBuildFile; fileRef = DB673A4B2BD1DA9800FDA9BB /* SceneDelegate.swift */; };
		DB673A4E2BD1DA9800FDA9BB /* ViewController.swift in Sources */ = {isa = PBXBuildFile; fileRef = DB673A4D2BD1DA9800FDA9BB /* ViewController.swift */; };
		DB673A512BD1DA9800FDA9BB /* Base in Resources */ = {isa = PBXBuildFile; fileRef = DB673A502BD1DA9800FDA9BB /* Base */; };
		DB673A532BD1DA9A00FDA9BB /* Assets.xcassets in Resources */ = {isa = PBXBuildFile; fileRef = DB673A522BD1DA9A00FDA9BB /* Assets.xcassets */; };
		DB673A562BD1DA9A00FDA9BB /* Base in Resources */ = {isa = PBXBuildFile; fileRef = DB673A552BD1DA9A00FDA9BB /* Base */; };
		DB673A612BD1DA9A00FDA9BB /* LifeCounterTests.swift in Sources */ = {isa = PBXBuildFile; fileRef = DB673A602BD1DA9A00FDA9BB /* LifeCounterTests.swift */; };
		DB673A6B2BD1DA9A00FDA9BB /* LifeCounterUITests.swift in Sources */ = {isa = PBXBuildFile; fileRef = DB673A6A2BD1DA9A00FDA9BB /* LifeCounterUITests.swift */; };
		DB673A6D2BD1DA9A00FDA9BB /* LifeCounterUITestsLaunchTests.swift in Sources */ = {isa = PBXBuildFile; fileRef = DB673A6C2BD1DA9A00FDA9BB /* LifeCounterUITestsLaunchTests.swift */; };
		DB673A822BD85EF500FDA9BB /* playerTableCell.xib in Resources */ = {isa = PBXBuildFile; fileRef = DB673A812BD85EF500FDA9BB /* playerTableCell.xib */; };
		DB673A842BD8608600FDA9BB /* playerTableCell.swift in Sources */ = {isa = PBXBuildFile; fileRef = DB673A832BD8608600FDA9BB /* playerTableCell.swift */; };
/* End PBXBuildFile section */

/* Begin PBXContainerItemProxy section */
		DB673A5D2BD1DA9A00FDA9BB /* PBXContainerItemProxy */ = {
			isa = PBXContainerItemProxy;
			containerPortal = DB673A3E2BD1DA9800FDA9BB /* Project object */;
			proxyType = 1;
			remoteGlobalIDString = DB673A452BD1DA9800FDA9BB;
			remoteInfo = LifeCounter;
		};
		DB673A672BD1DA9A00FDA9BB /* PBXContainerItemProxy */ = {
			isa = PBXContainerItemProxy;
			containerPortal = DB673A3E2BD1DA9800FDA9BB /* Project object */;
			proxyType = 1;
			remoteGlobalIDString = DB673A452BD1DA9800FDA9BB;
			remoteInfo = LifeCounter;
		};
/* End PBXContainerItemProxy section */

/* Begin PBXFileReference section */
		DB673A462BD1DA9800FDA9BB /* LifeCounter.app */ = {isa = PBXFileReference; explicitFileType = wrapper.application; includeInIndex = 0; path = LifeCounter.app; sourceTree = BUILT_PRODUCTS_DIR; };
		DB673A492BD1DA9800FDA9BB /* AppDelegate.swift */ = {isa = PBXFileReference; lastKnownFileType = sourcecode.swift; path = AppDelegate.swift; sourceTree = "<group>"; };
		DB673A4B2BD1DA9800FDA9BB /* SceneDelegate.swift */ = {isa = PBXFileReference; lastKnownFileType = sourcecode.swift; path = SceneDelegate.swift; sourceTree = "<group>"; };
		DB673A4D2BD1DA9800FDA9BB /* ViewController.swift */ = {isa = PBXFileReference; lastKnownFileType = sourcecode.swift; path = ViewController.swift; sourceTree = "<group>"; };
		DB673A502BD1DA9800FDA9BB /* Base */ = {isa = PBXFileReference; lastKnownFileType = file.storyboard; name = Base; path = Base.lproj/Main.storyboard; sourceTree = "<group>"; };
		DB673A522BD1DA9A00FDA9BB /* Assets.xcassets */ = {isa = PBXFileReference; lastKnownFileType = folder.assetcatalog; path = Assets.xcassets; sourceTree = "<group>"; };
		DB673A552BD1DA9A00FDA9BB /* Base */ = {isa = PBXFileReference; lastKnownFileType = file.storyboard; name = Base; path = Base.lproj/LaunchScreen.storyboard; sourceTree = "<group>"; };
		DB673A572BD1DA9A00FDA9BB /* Info.plist */ = {isa = PBXFileReference; lastKnownFileType = text.plist.xml; path = Info.plist; sourceTree = "<group>"; };
		DB673A5C2BD1DA9A00FDA9BB /* LifeCounterTests.xctest */ = {isa = PBXFileReference; explicitFileType = wrapper.cfbundle; includeInIndex = 0; path = LifeCounterTests.xctest; sourceTree = BUILT_PRODUCTS_DIR; };
		DB673A602BD1DA9A00FDA9BB /* LifeCounterTests.swift */ = {isa = PBXFileReference; lastKnownFileType = sourcecode.swift; path = LifeCounterTests.swift; sourceTree = "<group>"; };
		DB673A662BD1DA9A00FDA9BB /* LifeCounterUITests.xctest */ = {isa = PBXFileReference; explicitFileType = wrapper.cfbundle; includeInIndex = 0; path = LifeCounterUITests.xctest; sourceTree = BUILT_PRODUCTS_DIR; };
		DB673A6A2BD1DA9A00FDA9BB /* LifeCounterUITests.swift */ = {isa = PBXFileReference; lastKnownFileType = sourcecode.swift; path = LifeCounterUITests.swift; sourceTree = "<group>"; };
		DB673A6C2BD1DA9A00FDA9BB /* LifeCounterUITestsLaunchTests.swift */ = {isa = PBXFileReference; lastKnownFileType = sourcecode.swift; path = LifeCounterUITestsLaunchTests.swift; sourceTree = "<group>"; };
		DB673A812BD85EF500FDA9BB /* playerTableCell.xib */ = {isa = PBXFileReference; lastKnownFileType = file.xib; path = playerTableCell.xib; sourceTree = "<group>"; };
		DB673A832BD8608600FDA9BB /* playerTableCell.swift */ = {isa = PBXFileReference; lastKnownFileType = sourcecode.swift; path = playerTableCell.swift; sourceTree = "<group>"; };
/* End PBXFileReference section */

/* Begin PBXFrameworksBuildPhase section */
		DB673A432BD1DA9800FDA9BB /* Frameworks */ = {
			isa = PBXFrameworksBuildPhase;
			buildActionMask = 2147483647;
			files = (
			);
			runOnlyForDeploymentPostprocessing = 0;
		};
		DB673A592BD1DA9A00FDA9BB /* Frameworks */ = {
			isa = PBXFrameworksBuildPhase;
			buildActionMask = 2147483647;
			files = (
			);
			runOnlyForDeploymentPostprocessing = 0;
		};
		DB673A632BD1DA9A00FDA9BB /* Frameworks */ = {
			isa = PBXFrameworksBuildPhase;
			buildActionMask = 2147483647;
			files = (
			);
			runOnlyForDeploymentPostprocessing = 0;
		};
/* End PBXFrameworksBuildPhase section */

/* Begin PBXGroup section */
		DB673A3D2BD1DA9800FDA9BB = {
			isa = PBXGroup;
			children = (
				DB673A482BD1DA9800FDA9BB /* LifeCounter */,
				DB673A5F2BD1DA9A00FDA9BB /* LifeCounterTests */,
				DB673A692BD1DA9A00FDA9BB /* LifeCounterUITests */,
				DB673A472BD1DA9800FDA9BB /* Products */,
			);
			sourceTree = "<group>";
		};
		DB673A472BD1DA9800FDA9BB /* Products */ = {
			isa = PBXGroup;
			children = (
				DB673A462BD1DA9800FDA9BB /* LifeCounter.app */,
				DB673A5C2BD1DA9A00FDA9BB /* LifeCounterTests.xctest */,
				DB673A662BD1DA9A00FDA9BB /* LifeCounterUITests.xctest */,
			);
			name = Products;
			sourceTree = "<group>";
		};
		DB673A482BD1DA9800FDA9BB /* LifeCounter */ = {
			isa = PBXGroup;
			children = (
				DB673A492BD1DA9800FDA9BB /* AppDelegate.swift */,
				DB673A4B2BD1DA9800FDA9BB /* SceneDelegate.swift */,
				DB673A4D2BD1DA9800FDA9BB /* ViewController.swift */,
				DB673A4F2BD1DA9800FDA9BB /* Main.storyboard */,
				DB673A522BD1DA9A00FDA9BB /* Assets.xcassets */,
				DB673A542BD1DA9A00FDA9BB /* LaunchScreen.storyboard */,
				DB673A572BD1DA9A00FDA9BB /* Info.plist */,
				DB673A812BD85EF500FDA9BB /* playerTableCell.xib */,
				DB673A832BD8608600FDA9BB /* playerTableCell.swift */,
			);
			path = LifeCounter;
			sourceTree = "<group>";
		};
		DB673A5F2BD1DA9A00FDA9BB /* LifeCounterTests */ = {
			isa = PBXGroup;
			children = (
				DB673A602BD1DA9A00FDA9BB /* LifeCounterTests.swift */,
			);
			path = LifeCounterTests;
			sourceTree = "<group>";
		};
		DB673A692BD1DA9A00FDA9BB /* LifeCounterUITests */ = {
			isa = PBXGroup;
			children = (
				DB673A6A2BD1DA9A00FDA9BB /* LifeCounterUITests.swift */,
				DB673A6C2BD1DA9A00FDA9BB /* LifeCounterUITestsLaunchTests.swift */,
			);
			path = LifeCounterUITests;
			sourceTree = "<group>";
		};
/* End PBXGroup section */

/* Begin PBXNativeTarget section */
		DB673A452BD1DA9800FDA9BB /* LifeCounter */ = {
			isa = PBXNativeTarget;
			buildConfigurationList = DB673A702BD1DA9A00FDA9BB /* Build configuration list for PBXNativeTarget "LifeCounter" */;
			buildPhases = (
				DB673A422BD1DA9800FDA9BB /* Sources */,
				DB673A432BD1DA9800FDA9BB /* Frameworks */,
				DB673A442BD1DA9800FDA9BB /* Resources */,
			);
			buildRules = (
			);
			dependencies = (
			);
			name = LifeCounter;
			productName = LifeCounter;
			productReference = DB673A462BD1DA9800FDA9BB /* LifeCounter.app */;
			productType = "com.apple.product-type.application";
		};
		DB673A5B2BD1DA9A00FDA9BB /* LifeCounterTests */ = {
			isa = PBXNativeTarget;
			buildConfigurationList = DB673A732BD1DA9A00FDA9BB /* Build configuration list for PBXNativeTarget "LifeCounterTests" */;
			buildPhases = (
				DB673A582BD1DA9A00FDA9BB /* Sources */,
				DB673A592BD1DA9A00FDA9BB /* Frameworks */,
				DB673A5A2BD1DA9A00FDA9BB /* Resources */,
			);
			buildRules = (
			);
			dependencies = (
				DB673A5E2BD1DA9A00FDA9BB /* PBXTargetDependency */,
			);
			name = LifeCounterTests;
			productName = LifeCounterTests;
			productReference = DB673A5C2BD1DA9A00FDA9BB /* LifeCounterTests.xctest */;
			productType = "com.apple.product-type.bundle.unit-test";
		};
		DB673A652BD1DA9A00FDA9BB /* LifeCounterUITests */ = {
			isa = PBXNativeTarget;
			buildConfigurationList = DB673A762BD1DA9A00FDA9BB /* Build configuration list for PBXNativeTarget "LifeCounterUITests" */;
			buildPhases = (
				DB673A622BD1DA9A00FDA9BB /* Sources */,
				DB673A632BD1DA9A00FDA9BB /* Frameworks */,
				DB673A642BD1DA9A00FDA9BB /* Resources */,
			);
			buildRules = (
			);
			dependencies = (
				DB673A682BD1DA9A00FDA9BB /* PBXTargetDependency */,
			);
			name = LifeCounterUITests;
			productName = LifeCounterUITests;
			productReference = DB673A662BD1DA9A00FDA9BB /* LifeCounterUITests.xctest */;
			productType = "com.apple.product-type.bundle.ui-testing";
		};
/* End PBXNativeTarget section */

/* Begin PBXProject section */
		DB673A3E2BD1DA9800FDA9BB /* Project object */ = {
			isa = PBXProject;
			attributes = {
				BuildIndependentTargetsInParallel = 1;
				LastSwiftUpdateCheck = 1530;
				LastUpgradeCheck = 1530;
				TargetAttributes = {
					DB673A452BD1DA9800FDA9BB = {
						CreatedOnToolsVersion = 15.3;
					};
					DB673A5B2BD1DA9A00FDA9BB = {
						CreatedOnToolsVersion = 15.3;
						TestTargetID = DB673A452BD1DA9800FDA9BB;
					};
					DB673A652BD1DA9A00FDA9BB = {
						CreatedOnToolsVersion = 15.3;
						TestTargetID = DB673A452BD1DA9800FDA9BB;
					};
				};
			};
			buildConfigurationList = DB673A412BD1DA9800FDA9BB /* Build configuration list for PBXProject "LifeCounter" */;
			compatibilityVersion = "Xcode 14.0";
			developmentRegion = en;
			hasScannedForEncodings = 0;
			knownRegions = (
				en,
				Base,
			);
			mainGroup = DB673A3D2BD1DA9800FDA9BB;
			productRefGroup = DB673A472BD1DA9800FDA9BB /* Products */;
			projectDirPath = "";
			projectRoot = "";
			targets = (
				DB673A452BD1DA9800FDA9BB /* LifeCounter */,
				DB673A5B2BD1DA9A00FDA9BB /* LifeCounterTests */,
				DB673A652BD1DA9A00FDA9BB /* LifeCounterUITests */,
			);
		};
/* End PBXProject section */

/* Begin PBXResourcesBuildPhase section */
		DB673A442BD1DA9800FDA9BB /* Resources */ = {
			isa = PBXResourcesBuildPhase;
			buildActionMask = 2147483647;
			files = (
				DB673A822BD85EF500FDA9BB /* playerTableCell.xib in Resources */,
				DB673A532BD1DA9A00FDA9BB /* Assets.xcassets in Resources */,
				DB673A562BD1DA9A00FDA9BB /* Base in Resources */,
				DB673A512BD1DA9800FDA9BB /* Base in Resources */,
			);
			runOnlyForDeploymentPostprocessing = 0;
		};
		DB673A5A2BD1DA9A00FDA9BB /* Resources */ = {
			isa = PBXResourcesBuildPhase;
			buildActionMask = 2147483647;
			files = (
			);
			runOnlyForDeploymentPostprocessing = 0;
		};
		DB673A642BD1DA9A00FDA9BB /* Resources */ = {
			isa = PBXResourcesBuildPhase;
			buildActionMask = 2147483647;
			files = (
			);
			runOnlyForDeploymentPostprocessing = 0;
		};
/* End PBXResourcesBuildPhase section */

/* Begin PBXSourcesBuildPhase section */
		DB673A422BD1DA9800FDA9BB /* Sources */ = {
			isa = PBXSourcesBuildPhase;
			buildActionMask = 2147483647;
			files = (
				DB673A842BD8608600FDA9BB /* playerTableCell.swift in Sources */,
				DB673A4E2BD1DA9800FDA9BB /* ViewController.swift in Sources */,
				DB673A4A2BD1DA9800FDA9BB /* AppDelegate.swift in Sources */,
				DB673A4C2BD1DA9800FDA9BB /* SceneDelegate.swift in Sources */,
			);
			runOnlyForDeploymentPostprocessing = 0;
		};
		DB673A582BD1DA9A00FDA9BB /* Sources */ = {
			isa = PBXSourcesBuildPhase;
			buildActionMask = 2147483647;
			files = (
				DB673A612BD1DA9A00FDA9BB /* LifeCounterTests.swift in Sources */,
			);
			runOnlyForDeploymentPostprocessing = 0;
		};
		DB673A622BD1DA9A00FDA9BB /* Sources */ = {
			isa = PBXSourcesBuildPhase;
			buildActionMask = 2147483647;
			files = (
				DB673A6B2BD1DA9A00FDA9BB /* LifeCounterUITests.swift in Sources */,
				DB673A6D2BD1DA9A00FDA9BB /* LifeCounterUITestsLaunchTests.swift in Sources */,
			);
			runOnlyForDeploymentPostprocessing = 0;
		};
/* End PBXSourcesBuildPhase section */

/* Begin PBXTargetDependency section */
		DB673A5E2BD1DA9A00FDA9BB /* PBXTargetDependency */ = {
			isa = PBXTargetDependency;
			target = DB673A452BD1DA9800FDA9BB /* LifeCounter */;
			targetProxy = DB673A5D2BD1DA9A00FDA9BB /* PBXContainerItemProxy */;
		};
		DB673A682BD1DA9A00FDA9BB /* PBXTargetDependency */ = {
			isa = PBXTargetDependency;
			target = DB673A452BD1DA9800FDA9BB /* LifeCounter */;
			targetProxy = DB673A672BD1DA9A00FDA9BB /* PBXContainerItemProxy */;
		};
/* End PBXTargetDependency section */

/* Begin PBXVariantGroup section */
		DB673A4F2BD1DA9800FDA9BB /* Main.storyboard */ = {
			isa = PBXVariantGroup;
			children = (
				DB673A502BD1DA9800FDA9BB /* Base */,
			);
			name = Main.storyboard;
			sourceTree = "<group>";
		};
		DB673A542BD1DA9A00FDA9BB /* LaunchScreen.storyboard */ = {
			isa = PBXVariantGroup;
			children = (
				DB673A552BD1DA9A00FDA9BB /* Base */,
			);
			name = LaunchScreen.storyboard;
			sourceTree = "<group>";
		};
/* End PBXVariantGroup section */

/* Begin XCBuildConfiguration section */
		DB673A6E2BD1DA9A00FDA9BB /* Debug */ = {
			isa = XCBuildConfiguration;
			buildSettings = {
				ALWAYS_SEARCH_USER_PATHS = NO;
				ASSETCATALOG_COMPILER_GENERATE_SWIFT_ASSET_SYMBOL_EXTENSIONS = YES;
				CLANG_ANALYZER_NONNULL = YES;
				CLANG_ANALYZER_NUMBER_OBJECT_CONVERSION = YES_AGGRESSIVE;
				CLANG_CXX_LANGUAGE_STANDARD = "gnu++20";
				CLANG_ENABLE_MODULES = YES;
				CLANG_ENABLE_OBJC_ARC = YES;
				CLANG_ENABLE_OBJC_WEAK = YES;
				CLANG_WARN_BLOCK_CAPTURE_AUTORELEASING = YES;
				CLANG_WARN_BOOL_CONVERSION = YES;
				CLANG_WARN_COMMA = YES;
				CLANG_WARN_CONSTANT_CONVERSION = YES;
				CLANG_WARN_DEPRECATED_OBJC_IMPLEMENTATIONS = YES;
				CLANG_WARN_DIRECT_OBJC_ISA_USAGE = YES_ERROR;
				CLANG_WARN_DOCUMENTATION_COMMENTS = YES;
				CLANG_WARN_EMPTY_BODY = YES;
				CLANG_WARN_ENUM_CONVERSION = YES;
				CLANG_WARN_INFINITE_RECURSION = YES;
				CLANG_WARN_INT_CONVERSION = YES;
				CLANG_WARN_NON_LITERAL_NULL_CONVERSION = YES;
				CLANG_WARN_OBJC_IMPLICIT_RETAIN_SELF = YES;
				CLANG_WARN_OBJC_LITERAL_CONVERSION = YES;
				CLANG_WARN_OBJC_ROOT_CLASS = YES_ERROR;
				CLANG_WARN_QUOTED_INCLUDE_IN_FRAMEWORK_HEADER = YES;
				CLANG_WARN_RANGE_LOOP_ANALYSIS = YES;
				CLANG_WARN_STRICT_PROTOTYPES = YES;
				CLANG_WARN_SUSPICIOUS_MOVE = YES;
				CLANG_WARN_UNGUARDED_AVAILABILITY = YES_AGGRESSIVE;
				CLANG_WARN_UNREACHABLE_CODE = YES;
				CLANG_WARN__DUPLICATE_METHOD_MATCH = YES;
				COPY_PHASE_STRIP = NO;
				DEBUG_INFORMATION_FORMAT = dwarf;
				ENABLE_STRICT_OBJC_MSGSEND = YES;
				ENABLE_TESTABILITY = YES;
				ENABLE_USER_SCRIPT_SANDBOXING = YES;
				GCC_C_LANGUAGE_STANDARD = gnu17;
				GCC_DYNAMIC_NO_PIC = NO;
				GCC_NO_COMMON_BLOCKS = YES;
				GCC_OPTIMIZATION_LEVEL = 0;
				GCC_PREPROCESSOR_DEFINITIONS = (
					"DEBUG=1",
					"$(inherited)",
				);
				GCC_WARN_64_TO_32_BIT_CONVERSION = YES;
				GCC_WARN_ABOUT_RETURN_TYPE = YES_ERROR;
				GCC_WARN_UNDECLARED_SELECTOR = YES;
				GCC_WARN_UNINITIALIZED_AUTOS = YES_AGGRESSIVE;
				GCC_WARN_UNUSED_FUNCTION = YES;
				GCC_WARN_UNUSED_VARIABLE = YES;
				IPHONEOS_DEPLOYMENT_TARGET = 17.4;
				LOCALIZATION_PREFERS_STRING_CATALOGS = YES;
				MTL_ENABLE_DEBUG_INFO = INCLUDE_SOURCE;
				MTL_FAST_MATH = YES;
				ONLY_ACTIVE_ARCH = YES;
				SDKROOT = iphoneos;
				SWIFT_ACTIVE_COMPILATION_CONDITIONS = "DEBUG $(inherited)";
				SWIFT_OPTIMIZATION_LEVEL = "-Onone";
			};
			name = Debug;
		};
		DB673A6F2BD1DA9A00FDA9BB /* Release */ = {
			isa = XCBuildConfiguration;
			buildSettings = {
				ALWAYS_SEARCH_USER_PATHS = NO;
				ASSETCATALOG_COMPILER_GENERATE_SWIFT_ASSET_SYMBOL_EXTENSIONS = YES;
				CLANG_ANALYZER_NONNULL = YES;
				CLANG_ANALYZER_NUMBER_OBJECT_CONVERSION = YES_AGGRESSIVE;
				CLANG_CXX_LANGUAGE_STANDARD = "gnu++20";
				CLANG_ENABLE_MODULES = YES;
				CLANG_ENABLE_OBJC_ARC = YES;
				CLANG_ENABLE_OBJC_WEAK = YES;
				CLANG_WARN_BLOCK_CAPTURE_AUTORELEASING = YES;
				CLANG_WARN_BOOL_CONVERSION = YES;
				CLANG_WARN_COMMA = YES;
				CLANG_WARN_CONSTANT_CONVERSION = YES;
				CLANG_WARN_DEPRECATED_OBJC_IMPLEMENTATIONS = YES;
				CLANG_WARN_DIRECT_OBJC_ISA_USAGE = YES_ERROR;
				CLANG_WARN_DOCUMENTATION_COMMENTS = YES;
				CLANG_WARN_EMPTY_BODY = YES;
				CLANG_WARN_ENUM_CONVERSION = YES;
				CLANG_WARN_INFINITE_RECURSION = YES;
				CLANG_WARN_INT_CONVERSION = YES;
				CLANG_WARN_NON_LITERAL_NULL_CONVERSION = YES;
				CLANG_WARN_OBJC_IMPLICIT_RETAIN_SELF = YES;
				CLANG_WARN_OBJC_LITERAL_CONVERSION = YES;
				CLANG_WARN_OBJC_ROOT_CLASS = YES_ERROR;
				CLANG_WARN_QUOTED_INCLUDE_IN_FRAMEWORK_HEADER = YES;
				CLANG_WARN_RANGE_LOOP_ANALYSIS = YES;
				CLANG_WARN_STRICT_PROTOTYPES = YES;
				CLANG_WARN_SUSPICIOUS_MOVE = YES;
				CLANG_WARN_UNGUARDED_AVAILABILITY = YES_AGGRESSIVE;
				CLANG_WARN_UNREACHABLE_CODE = YES;
				CLANG_WARN__DUPLICATE_METHOD_MATCH = YES;
				COPY_PHASE_STRIP = NO;
				DEBUG_INFORMATION_FORMAT = "dwarf-with-dsym";
				ENABLE_NS_ASSERTIONS = NO;
				ENABLE_STRICT_OBJC_MSGSEND = YES;
				ENABLE_USER_SCRIPT_SANDBOXING = YES;
				GCC_C_LANGUAGE_STANDARD = gnu17;
				GCC_NO_COMMON_BLOCKS = YES;
				GCC_WARN_64_TO_32_BIT_CONVERSION = YES;
				GCC_WARN_ABOUT_RETURN_TYPE = YES_ERROR;
				GCC_WARN_UNDECLARED_SELECTOR = YES;
				GCC_WARN_UNINITIALIZED_AUTOS = YES_AGGRESSIVE;
				GCC_WARN_UNUSED_FUNCTION = YES;
				GCC_WARN_UNUSED_VARIABLE = YES;
				IPHONEOS_DEPLOYMENT_TARGET = 17.4;
				LOCALIZATION_PREFERS_STRING_CATALOGS = YES;
				MTL_ENABLE_DEBUG_INFO = NO;
				MTL_FAST_MATH = YES;
				SDKROOT = iphoneos;
				SWIFT_COMPILATION_MODE = wholemodule;
				VALIDATE_PRODUCT = YES;
			};
			name = Release;
		};
		DB673A712BD1DA9A00FDA9BB /* Debug */ = {
			isa = XCBuildConfiguration;
			buildSettings = {
				ASSETCATALOG_COMPILER_APPICON_NAME = AppIcon;
				ASSETCATALOG_COMPILER_GLOBAL_ACCENT_COLOR_NAME = AccentColor;
				CODE_SIGN_STYLE = Automatic;
				CURRENT_PROJECT_VERSION = 1;
				GENERATE_INFOPLIST_FILE = YES;
				INFOPLIST_FILE = LifeCounter/Info.plist;
				INFOPLIST_KEY_UIApplicationSupportsIndirectInputEvents = YES;
				INFOPLIST_KEY_UILaunchStoryboardName = LaunchScreen;
				INFOPLIST_KEY_UIMainStoryboardFile = Main;
				INFOPLIST_KEY_UISupportedInterfaceOrientations_iPad = "UIInterfaceOrientationPortrait UIInterfaceOrientationPortraitUpsideDown UIInterfaceOrientationLandscapeLeft UIInterfaceOrientationLandscapeRight";
				INFOPLIST_KEY_UISupportedInterfaceOrientations_iPhone = "UIInterfaceOrientationPortrait UIInterfaceOrientationLandscapeLeft UIInterfaceOrientationLandscapeRight";
				LD_RUNPATH_SEARCH_PATHS = (
					"$(inherited)",
					"@executable_path/Frameworks",
				);
				MARKETING_VERSION = 1.0;
				PRODUCT_BUNDLE_IDENTIFIER = edu.uw.ischool.kmuret.LifeCounter;
				PRODUCT_NAME = "$(TARGET_NAME)";
				SWIFT_EMIT_LOC_STRINGS = YES;
				SWIFT_VERSION = 5.0;
				TARGETED_DEVICE_FAMILY = "1,2";
			};
			name = Debug;
		};
		DB673A722BD1DA9A00FDA9BB /* Release */ = {
			isa = XCBuildConfiguration;
			buildSettings = {
				ASSETCATALOG_COMPILER_APPICON_NAME = AppIcon;
				ASSETCATALOG_COMPILER_GLOBAL_ACCENT_COLOR_NAME = AccentColor;
				CODE_SIGN_STYLE = Automatic;
				CURRENT_PROJECT_VERSION = 1;
				GENERATE_INFOPLIST_FILE = YES;
				INFOPLIST_FILE = LifeCounter/Info.plist;
				INFOPLIST_KEY_UIApplicationSupportsIndirectInputEvents = YES;
				INFOPLIST_KEY_UILaunchStoryboardName = LaunchScreen;
				INFOPLIST_KEY_UIMainStoryboardFile = Main;
				INFOPLIST_KEY_UISupportedInterfaceOrientations_iPad = "UIInterfaceOrientationPortrait UIInterfaceOrientationPortraitUpsideDown UIInterfaceOrientationLandscapeLeft UIInterfaceOrientationLandscapeRight";
				INFOPLIST_KEY_UISupportedInterfaceOrientations_iPhone = "UIInterfaceOrientationPortrait UIInterfaceOrientationLandscapeLeft UIInterfaceOrientationLandscapeRight";
				LD_RUNPATH_SEARCH_PATHS = (
					"$(inherited)",
					"@executable_path/Frameworks",
				);
				MARKETING_VERSION = 1.0;
				PRODUCT_BUNDLE_IDENTIFIER = edu.uw.ischool.kmuret.LifeCounter;
				PRODUCT_NAME = "$(TARGET_NAME)";
				SWIFT_EMIT_LOC_STRINGS = YES;
				SWIFT_VERSION = 5.0;
				TARGETED_DEVICE_FAMILY = "1,2";
			};
			name = Release;
		};
		DB673A742BD1DA9A00FDA9BB /* Debug */ = {
			isa = XCBuildConfiguration;
			buildSettings = {
				ALWAYS_EMBED_SWIFT_STANDARD_LIBRARIES = YES;
				BUNDLE_LOADER = "$(TEST_HOST)";
				CODE_SIGN_STYLE = Automatic;
				CURRENT_PROJECT_VERSION = 1;
				GENERATE_INFOPLIST_FILE = YES;
				IPHONEOS_DEPLOYMENT_TARGET = 17.4;
				MARKETING_VERSION = 1.0;
				PRODUCT_BUNDLE_IDENTIFIER = edu.uw.ischool.kmuret.LifeCounterTests;
				PRODUCT_NAME = "$(TARGET_NAME)";
				SWIFT_EMIT_LOC_STRINGS = NO;
				SWIFT_VERSION = 5.0;
				TARGETED_DEVICE_FAMILY = "1,2";
				TEST_HOST = "$(BUILT_PRODUCTS_DIR)/LifeCounter.app/$(BUNDLE_EXECUTABLE_FOLDER_PATH)/LifeCounter";
			};
			name = Debug;
		};
		DB673A752BD1DA9A00FDA9BB /* Release */ = {
			isa = XCBuildConfiguration;
			buildSettings = {
				ALWAYS_EMBED_SWIFT_STANDARD_LIBRARIES = YES;
				BUNDLE_LOADER = "$(TEST_HOST)";
				CODE_SIGN_STYLE = Automatic;
				CURRENT_PROJECT_VERSION = 1;
				GENERATE_INFOPLIST_FILE = YES;
				IPHONEOS_DEPLOYMENT_TARGET = 17.4;
				MARKETING_VERSION = 1.0;
				PRODUCT_BUNDLE_IDENTIFIER = edu.uw.ischool.kmuret.LifeCounterTests;
				PRODUCT_NAME = "$(TARGET_NAME)";
				SWIFT_EMIT_LOC_STRINGS = NO;
				SWIFT_VERSION = 5.0;
				TARGETED_DEVICE_FAMILY = "1,2";
				TEST_HOST = "$(BUILT_PRODUCTS_DIR)/LifeCounter.app/$(BUNDLE_EXECUTABLE_FOLDER_PATH)/LifeCounter";
			};
			name = Release;
		};
		DB673A772BD1DA9A00FDA9BB /* Debug */ = {
			isa = XCBuildConfiguration;
			buildSettings = {
				ALWAYS_EMBED_SWIFT_STANDARD_LIBRARIES = YES;
				CODE_SIGN_STYLE = Automatic;
				CURRENT_PROJECT_VERSION = 1;
				GENERATE_INFOPLIST_FILE = YES;
				MARKETING_VERSION = 1.0;
				PRODUCT_BUNDLE_IDENTIFIER = edu.uw.ischool.kmuret.LifeCounterUITests;
				PRODUCT_NAME = "$(TARGET_NAME)";
				SWIFT_EMIT_LOC_STRINGS = NO;
				SWIFT_VERSION = 5.0;
				TARGETED_DEVICE_FAMILY = "1,2";
				TEST_TARGET_NAME = LifeCounter;
			};
			name = Debug;
		};
		DB673A782BD1DA9A00FDA9BB /* Release */ = {
			isa = XCBuildConfiguration;
			buildSettings = {
				ALWAYS_EMBED_SWIFT_STANDARD_LIBRARIES = YES;
				CODE_SIGN_STYLE = Automatic;
				CURRENT_PROJECT_VERSION = 1;
				GENERATE_INFOPLIST_FILE = YES;
				MARKETING_VERSION = 1.0;
				PRODUCT_BUNDLE_IDENTIFIER = edu.uw.ischool.kmuret.LifeCounterUITests;
				PRODUCT_NAME = "$(TARGET_NAME)";
				SWIFT_EMIT_LOC_STRINGS = NO;
				SWIFT_VERSION = 5.0;
				TARGETED_DEVICE_FAMILY = "1,2";
				TEST_TARGET_NAME = LifeCounter;
			};
			name = Release;
		};
/* End XCBuildConfiguration section */

/* Begin XCConfigurationList section */
		DB673A412BD1DA9800FDA9BB /* Build configuration list for PBXProject "LifeCounter" */ = {
			isa = XCConfigurationList;
			buildConfigurations = (
				DB673A6E2BD1DA9A00FDA9BB /* Debug */,
				DB673A6F2BD1DA9A00FDA9BB /* Release */,
			);
			defaultConfigurationIsVisible = 0;
			defaultConfigurationName = Release;
		};
		DB673A702BD1DA9A00FDA9BB /* Build configuration list for PBXNativeTarget "LifeCounter" */ = {
			isa = XCConfigurationList;
			buildConfigurations = (
				DB673A712BD1DA9A00FDA9BB /* Debug */,
				DB673A722BD1DA9A00FDA9BB /* Release */,
			);
			defaultConfigurationIsVisible = 0;
			defaultConfigurationName = Release;
		};
		DB673A732BD1DA9A00FDA9BB /* Build configuration list for PBXNativeTarget "LifeCounterTests" */ = {
			isa = XCConfigurationList;
			buildConfigurations = (
				DB673A742BD1DA9A00FDA9BB /* Debug */,
				DB673A752BD1DA9A00FDA9BB /* Release */,
			);
			defaultConfigurationIsVisible = 0;
			defaultConfigurationName = Release;
		};
		DB673A762BD1DA9A00FDA9BB /* Build configuration list for PBXNativeTarget "LifeCounterUITests" */ = {
			isa = XCConfigurationList;
			buildConfigurations = (
				DB673A772BD1DA9A00FDA9BB /* Debug */,
				DB673A782BD1DA9A00FDA9BB /* Release */,
			);
			defaultConfigurationIsVisible = 0;
			defaultConfigurationName = Release;
		};
/* End XCConfigurationList section */
	};
	rootObject = DB673A3E2BD1DA9800FDA9BB /* Project object */;
}
